
Microsoft Visual Studio Solution File, Format Version 12.00
# Visual Studio Version 17
VisualStudioVersion = 17.5.002.0
MinimumVisualStudioVersion = 10.0.40219.1
Project("{9A19103F-16F7-4668-BE54-9A1E7A4F7556}") = "atividade_imc_xunit", "atividade_imc_xunit\atividade_imc_xunit.csproj", "{316A9A5F-BB15-473D-8C18-BC8ABEB313D8}"
EndProject
Global
	GlobalSection(SolutionConfigurationPlatforms) = preSolution
		Debug|Any CPU = Debug|Any CPU
		Release|Any CPU = Release|Any CPU
	EndGlobalSection
	GlobalSection(ProjectConfigurationPlatforms) = postSolution
		{316A9A5F-BB15-473D-8C18-BC8ABEB313D8}.Debug|Any CPU.ActiveCfg = Debug|Any CPU
		{316A9A5F-BB15-473D-8C18-BC8ABEB313D8}.Debug|Any CPU.Build.0 = Debug|Any CPU
		{316A9A5F-BB15-473D-8C18-BC8ABEB313D8}.Release|Any CPU.ActiveCfg = Release|Any CPU
		{316A9A5F-BB15-473D-8C18-BC8ABEB313D8}.Release|Any CPU.Build.0 = Release|Any CPU
	EndGlobalSection
	GlobalSection(SolutionProperties) = preSolution
		HideSolutionNode = FALSE
	EndGlobalSection
	GlobalSection(ExtensibilityGlobals) = postSolution
		SolutionGuid = {CEF11EAF-DF69-4CE0-AAFB-590EF504A69D}
	EndGlobalSection
EndGlobal
